
Microsoft Visual Studio Solution File, Format Version 12.00
Project("{FAE04EC0-301F-11D3-BF4B-00C04F79EFBC}") = "ParallelFolderFileManager", "ParallelFolderFileManager\ParallelFolderFileManager.csproj", "{BBE08DF5-887F-4F1A-A25E-DC483642DA45}"
EndProject
Global
	GlobalSection(SolutionConfigurationPlatforms) = preSolution
		Debug|Any CPU = Debug|Any CPU
		Release|Any CPU = Release|Any CPU
	EndGlobalSection
	GlobalSection(ProjectConfigurationPlatforms) = postSolution
		{BBE08DF5-887F-4F1A-A25E-DC483642DA45}.Debug|Any CPU.ActiveCfg = Debug|Any CPU
		{BBE08DF5-887F-4F1A-A25E-DC483642DA45}.Debug|Any CPU.Build.0 = Debug|Any CPU
		{BBE08DF5-887F-4F1A-A25E-DC483642DA45}.Release|Any CPU.ActiveCfg = Release|Any CPU
		{BBE08DF5-887F-4F1A-A25E-DC483642DA45}.Release|Any CPU.Build.0 = Release|Any CPU
	EndGlobalSection
EndGlobal
